// !$*UTF8*$!
{
	archiveVersion = 1;
	classes = {
	};
	objectVersion = 46;
	objects = {

/* Begin PBXBuildFile section */
		750999481E4D587C0009657D /* MementoCenter.m in Sources */ = {isa = PBXBuildFile; fileRef = 750999471E4D587C0009657D /* MementoCenter.m */; };
		7509994D1E4D65640009657D /* FastCoder.m in Sources */ = {isa = PBXBuildFile; fileRef = 7509994C1E4D65640009657D /* FastCoder.m */; };
		750999501E4D65D80009657D /* NSString+Encryption.m in Sources */ = {isa = PBXBuildFile; fileRef = 7509994F1E4D65D80009657D /* NSString+Encryption.m */; };
		750F6E151E49D681004DE4DA /* main.m in Sources */ = {isa = PBXBuildFile; fileRef = 750F6E141E49D681004DE4DA /* main.m */; };
		750F6E181E49D681004DE4DA /* AppDelegate.m in Sources */ = {isa = PBXBuildFile; fileRef = 750F6E171E49D681004DE4DA /* AppDelegate.m */; };
		750F6E1B1E49D681004DE4DA /* ViewController.m in Sources */ = {isa = PBXBuildFile; fileRef = 750F6E1A1E49D681004DE4DA /* ViewController.m */; };
		750F6E1E1E49D681004DE4DA /* Main.storyboard in Resources */ = {isa = PBXBuildFile; fileRef = 750F6E1C1E49D681004DE4DA /* Main.storyboard */; };
		750F6E201E49D681004DE4DA /* Assets.xcassets in Resources */ = {isa = PBXBuildFile; fileRef = 750F6E1F1E49D681004DE4DA /* Assets.xcassets */; };
		750F6E231E49D681004DE4DA /* LaunchScreen.storyboard in Resources */ = {isa = PBXBuildFile; fileRef = 750F6E211E49D681004DE4DA /* LaunchScreen.storyboard */; };
		750F6E2E1E49D681004DE4DA /* DesignPatternTests.m in Sources */ = {isa = PBXBuildFile; fileRef = 750F6E2D1E49D681004DE4DA /* DesignPatternTests.m */; };
		750F6E391E49D681004DE4DA /* DesignPatternUITests.m in Sources */ = {isa = PBXBuildFile; fileRef = 750F6E381E49D681004DE4DA /* DesignPatternUITests.m */; };
		750F6E491E49D6DC004DE4DA /* BasePrototypeModel.m in Sources */ = {isa = PBXBuildFile; fileRef = 750F6E481E49D6DC004DE4DA /* BasePrototypeModel.m */; };
		750F6E4C1E49D6ED004DE4DA /* NBATeam.m in Sources */ = {isa = PBXBuildFile; fileRef = 750F6E4B1E49D6ED004DE4DA /* NBATeam.m */; };
		750F6E4F1E49D6F9004DE4DA /* NBAPlayer.m in Sources */ = {isa = PBXBuildFile; fileRef = 750F6E4E1E49D6F9004DE4DA /* NBAPlayer.m */; };
		750F6E511E49D739004DE4DA /* data.plist in Resources */ = {isa = PBXBuildFile; fileRef = 750F6E501E49D739004DE4DA /* data.plist */; };
		751EF01E1E4D56010027CEFC /* MementoViewController.m in Sources */ = {isa = PBXBuildFile; fileRef = 751EF01D1E4D56010027CEFC /* MementoViewController.m */; };
		751EF0211E4D56600027CEFC /* Player.m in Sources */ = {isa = PBXBuildFile; fileRef = 751EF0201E4D56600027CEFC /* Player.m */; };
		75F4857B1E4AABE700EBF936 /* PrototypeViewController.m in Sources */ = {isa = PBXBuildFile; fileRef = 75F4857A1E4AABE700EBF936 /* PrototypeViewController.m */; };
		75F4857F1E4ABBDE00EBF936 /* CommandViewController.m in Sources */ = {isa = PBXBuildFile; fileRef = 75F4857E1E4ABBDE00EBF936 /* CommandViewController.m */; };
		75F485821E4ABC1E00EBF936 /* Invoker.m in Sources */ = {isa = PBXBuildFile; fileRef = 75F485811E4ABC1E00EBF936 /* Invoker.m */; };
		75F485861E4AC21E00EBF936 /* Receiver.m in Sources */ = {isa = PBXBuildFile; fileRef = 75F485851E4AC21E00EBF936 /* Receiver.m */; };
		75F4858A1E4AC3B600EBF936 /* AddCommand.m in Sources */ = {isa = PBXBuildFile; fileRef = 75F485891E4AC3B600EBF936 /* AddCommand.m */; };
		75F4858D1E4AC3CC00EBF936 /* DeleteCommand.m in Sources */ = {isa = PBXBuildFile; fileRef = 75F4858C1E4AC3CC00EBF936 /* DeleteCommand.m */; };
		75F485901E4AC3ED00EBF936 /* RandomCommand.m in Sources */ = {isa = PBXBuildFile; fileRef = 75F4858F1E4AC3ED00EBF936 /* RandomCommand.m */; };
		75F485931E4AC40C00EBF936 /* RollbackCommand.m in Sources */ = {isa = PBXBuildFile; fileRef = 75F485921E4AC40C00EBF936 /* RollbackCommand.m */; };
		75F485961E4AC84600EBF936 /* UpdateNumberCommand.m in Sources */ = {isa = PBXBuildFile; fileRef = 75F485951E4AC84600EBF936 /* UpdateNumberCommand.m */; };
		75F485C61E4BFFB100EBF936 /* StrategyViewController.m in Sources */ = {isa = PBXBuildFile; fileRef = 75F485C51E4BFFB100EBF936 /* StrategyViewController.m */; };
		75F485C91E4C00A900EBF936 /* MMTextField.m in Sources */ = {isa = PBXBuildFile; fileRef = 75F485C81E4C00A900EBF936 /* MMTextField.m */; };
		75F485CC1E4C00EF00EBF936 /* BaseInputStrategy.m in Sources */ = {isa = PBXBuildFile; fileRef = 75F485CB1E4C00EF00EBF936 /* BaseInputStrategy.m */; };
		75F485CF1E4C015900EBF936 /* EmailInputStrategy.m in Sources */ = {isa = PBXBuildFile; fileRef = 75F485CE1E4C015900EBF936 /* EmailInputStrategy.m */; };
		75F485D21E4C017700EBF936 /* PhoneNumberInputStrategy.m in Sources */ = {isa = PBXBuildFile; fileRef = 75F485D11E4C017700EBF936 /* PhoneNumberInputStrategy.m */; };
		75F485D51E4C025400EBF936 /* RegExCategories.m in Sources */ = {isa = PBXBuildFile; fileRef = 75F485D41E4C025400EBF936 /* RegExCategories.m */; };
/* End PBXBuildFile section */

/* Begin PBXContainerItemProxy section */
		750F6E2A1E49D681004DE4DA /* PBXContainerItemProxy */ = {
			isa = PBXContainerItemProxy;
			containerPortal = 750F6E081E49D681004DE4DA /* Project object */;
			proxyType = 1;
			remoteGlobalIDString = 750F6E0F1E49D681004DE4DA;
			remoteInfo = DesignPattern;
		};
		750F6E351E49D681004DE4DA /* PBXContainerItemProxy */ = {
			isa = PBXContainerItemProxy;
			containerPortal = 750F6E081E49D681004DE4DA /* Project object */;
			proxyType = 1;
			remoteGlobalIDString = 750F6E0F1E49D681004DE4DA;
			remoteInfo = DesignPattern;
		};
/* End PBXContainerItemProxy section */

/* Begin PBXFileReference section */
		750999461E4D587C0009657D /* MementoCenter.h */ = {isa = PBXFileReference; fileEncoding = 4; lastKnownFileType = sourcecode.c.h; path = MementoCenter.h; sourceTree = "<group>"; };
		750999471E4D587C0009657D /* MementoCenter.m */ = {isa = PBXFileReference; fileEncoding = 4; lastKnownFileType = sourcecode.c.objc; path = MementoCenter.m; sourceTree = "<group>"; };
		750999491E4D592F0009657D /* MementoDelegate.h */ = {isa = PBXFileReference; fileEncoding = 4; lastKnownFileType = sourcecode.c.h; path = MementoDelegate.h; sourceTree = "<group>"; };
		7509994B1E4D65640009657D /* FastCoder.h */ = {isa = PBXFileReference; fileEncoding = 4; lastKnownFileType = sourcecode.c.h; path = FastCoder.h; sourceTree = "<group>"; };
		7509994C1E4D65640009657D /* FastCoder.m */ = {isa = PBXFileReference; fileEncoding = 4; lastKnownFileType = sourcecode.c.objc; path = FastCoder.m; sourceTree = "<group>"; };
		7509994E1E4D65D80009657D /* NSString+Encryption.h */ = {isa = PBXFileReference; fileEncoding = 4; lastKnownFileType = sourcecode.c.h; path = "NSString+Encryption.h"; sourceTree = "<group>"; };
		7509994F1E4D65D80009657D /* NSString+Encryption.m */ = {isa = PBXFileReference; fileEncoding = 4; lastKnownFileType = sourcecode.c.objc; path = "NSString+Encryption.m"; sourceTree = "<group>"; };
		750F6E101E49D681004DE4DA /* DesignPattern.app */ = {isa = PBXFileReference; explicitFileType = wrapper.application; includeInIndex = 0; path = DesignPattern.app; sourceTree = BUILT_PRODUCTS_DIR; };
		750F6E141E49D681004DE4DA /* main.m */ = {isa = PBXFileReference; lastKnownFileType = sourcecode.c.objc; path = main.m; sourceTree = "<group>"; };
		750F6E161E49D681004DE4DA /* AppDelegate.h */ = {isa = PBXFileReference; lastKnownFileType = sourcecode.c.h; path = AppDelegate.h; sourceTree = "<group>"; };
		750F6E171E49D681004DE4DA /* AppDelegate.m */ = {isa = PBXFileReference; lastKnownFileType = sourcecode.c.objc; path = AppDelegate.m; sourceTree = "<group>"; };
		750F6E191E49D681004DE4DA /* ViewController.h */ = {isa = PBXFileReference; lastKnownFileType = sourcecode.c.h; path = ViewController.h; sourceTree = "<group>"; };
		750F6E1A1E49D681004DE4DA /* ViewController.m */ = {isa = PBXFileReference; lastKnownFileType = sourcecode.c.objc; path = ViewController.m; sourceTree = "<group>"; };
		750F6E1D1E49D681004DE4DA /* Base */ = {isa = PBXFileReference; lastKnownFileType = file.storyboard; name = Base; path = Base.lproj/Main.storyboard; sourceTree = "<group>"; };
		750F6E1F1E49D681004DE4DA /* Assets.xcassets */ = {isa = PBXFileReference; lastKnownFileType = folder.assetcatalog; path = Assets.xcassets; sourceTree = "<group>"; };
		750F6E221E49D681004DE4DA /* Base */ = {isa = PBXFileReference; lastKnownFileType = file.storyboard; name = Base; path = Base.lproj/LaunchScreen.storyboard; sourceTree = "<group>"; };
		750F6E241E49D681004DE4DA /* Info.plist */ = {isa = PBXFileReference; lastKnownFileType = text.plist.xml; path = Info.plist; sourceTree = "<group>"; };
		750F6E291E49D681004DE4DA /* DesignPatternTests.xctest */ = {isa = PBXFileReference; explicitFileType = wrapper.cfbundle; includeInIndex = 0; path = DesignPatternTests.xctest; sourceTree = BUILT_PRODUCTS_DIR; };
		750F6E2D1E49D681004DE4DA /* DesignPatternTests.m */ = {isa = PBXFileReference; lastKnownFileType = sourcecode.c.objc; path = DesignPatternTests.m; sourceTree = "<group>"; };
		750F6E2F1E49D681004DE4DA /* Info.plist */ = {isa = PBXFileReference; lastKnownFileType = text.plist.xml; path = Info.plist; sourceTree = "<group>"; };
		750F6E341E49D681004DE4DA /* DesignPatternUITests.xctest */ = {isa = PBXFileReference; explicitFileType = wrapper.cfbundle; includeInIndex = 0; path = DesignPatternUITests.xctest; sourceTree = BUILT_PRODUCTS_DIR; };
		750F6E381E49D681004DE4DA /* DesignPatternUITests.m */ = {isa = PBXFileReference; lastKnownFileType = sourcecode.c.objc; path = DesignPatternUITests.m; sourceTree = "<group>"; };
		750F6E3A1E49D681004DE4DA /* Info.plist */ = {isa = PBXFileReference; lastKnownFileType = text.plist.xml; path = Info.plist; sourceTree = "<group>"; };
		750F6E471E49D6DC004DE4DA /* BasePrototypeModel.h */ = {isa = PBXFileReference; fileEncoding = 4; lastKnownFileType = sourcecode.c.h; path = BasePrototypeModel.h; sourceTree = "<group>"; };
		750F6E481E49D6DC004DE4DA /* BasePrototypeModel.m */ = {isa = PBXFileReference; fileEncoding = 4; lastKnownFileType = sourcecode.c.objc; path = BasePrototypeModel.m; sourceTree = "<group>"; };
		750F6E4A1E49D6ED004DE4DA /* NBATeam.h */ = {isa = PBXFileReference; fileEncoding = 4; lastKnownFileType = sourcecode.c.h; path = NBATeam.h; sourceTree = "<group>"; };
		750F6E4B1E49D6ED004DE4DA /* NBATeam.m */ = {isa = PBXFileReference; fileEncoding = 4; lastKnownFileType = sourcecode.c.objc; path = NBATeam.m; sourceTree = "<group>"; };
		750F6E4D1E49D6F9004DE4DA /* NBAPlayer.h */ = {isa = PBXFileReference; fileEncoding = 4; lastKnownFileType = sourcecode.c.h; path = NBAPlayer.h; sourceTree = "<group>"; };
		750F6E4E1E49D6F9004DE4DA /* NBAPlayer.m */ = {isa = PBXFileReference; fileEncoding = 4; lastKnownFileType = sourcecode.c.objc; path = NBAPlayer.m; sourceTree = "<group>"; };
		750F6E501E49D739004DE4DA /* data.plist */ = {isa = PBXFileReference; fileEncoding = 4; lastKnownFileType = text.plist.xml; path = data.plist; sourceTree = "<group>"; };
		751EF01C1E4D56010027CEFC /* MementoViewController.h */ = {isa = PBXFileReference; fileEncoding = 4; lastKnownFileType = sourcecode.c.h; path = MementoViewController.h; sourceTree = "<group>"; };
		751EF01D1E4D56010027CEFC /* MementoViewController.m */ = {isa = PBXFileReference; fileEncoding = 4; lastKnownFileType = sourcecode.c.objc; path = MementoViewController.m; sourceTree = "<group>"; };
		751EF01F1E4D56600027CEFC /* Player.h */ = {isa = PBXFileReference; fileEncoding = 4; lastKnownFileType = sourcecode.c.h; path = Player.h; sourceTree = "<group>"; };
		751EF0201E4D56600027CEFC /* Player.m */ = {isa = PBXFileReference; fileEncoding = 4; lastKnownFileType = sourcecode.c.objc; path = Player.m; sourceTree = "<group>"; };
		75F485791E4AABE700EBF936 /* PrototypeViewController.h */ = {isa = PBXFileReference; fileEncoding = 4; lastKnownFileType = sourcecode.c.h; path = PrototypeViewController.h; sourceTree = "<group>"; };
		75F4857A1E4AABE700EBF936 /* PrototypeViewController.m */ = {isa = PBXFileReference; fileEncoding = 4; lastKnownFileType = sourcecode.c.objc; path = PrototypeViewController.m; sourceTree = "<group>"; };
		75F4857D1E4ABBDE00EBF936 /* CommandViewController.h */ = {isa = PBXFileReference; fileEncoding = 4; lastKnownFileType = sourcecode.c.h; path = CommandViewController.h; sourceTree = "<group>"; };
		75F4857E1E4ABBDE00EBF936 /* CommandViewController.m */ = {isa = PBXFileReference; fileEncoding = 4; lastKnownFileType = sourcecode.c.objc; path = CommandViewController.m; sourceTree = "<group>"; };
		75F485801E4ABC1E00EBF936 /* Invoker.h */ = {isa = PBXFileReference; fileEncoding = 4; lastKnownFileType = sourcecode.c.h; path = Invoker.h; sourceTree = "<group>"; };
		75F485811E4ABC1E00EBF936 /* Invoker.m */ = {isa = PBXFileReference; fileEncoding = 4; lastKnownFileType = sourcecode.c.objc; path = Invoker.m; sourceTree = "<group>"; };
		75F485831E4ABE9800EBF936 /* DegisnPatternHeader.h */ = {isa = PBXFileReference; lastKnownFileType = sourcecode.c.h; path = DegisnPatternHeader.h; sourceTree = "<group>"; };
		75F485841E4AC21E00EBF936 /* Receiver.h */ = {isa = PBXFileReference; fileEncoding = 4; lastKnownFileType = sourcecode.c.h; path = Receiver.h; sourceTree = "<group>"; };
		75F485851E4AC21E00EBF936 /* Receiver.m */ = {isa = PBXFileReference; fileEncoding = 4; lastKnownFileType = sourcecode.c.objc; path = Receiver.m; sourceTree = "<group>"; };
		75F485871E4AC2C200EBF936 /* CommandProtocol.h */ = {isa = PBXFileReference; fileEncoding = 4; lastKnownFileType = sourcecode.c.h; path = CommandProtocol.h; sourceTree = "<group>"; };
		75F485881E4AC3B600EBF936 /* AddCommand.h */ = {isa = PBXFileReference; fileEncoding = 4; lastKnownFileType = sourcecode.c.h; path = AddCommand.h; sourceTree = "<group>"; };
		75F485891E4AC3B600EBF936 /* AddCommand.m */ = {isa = PBXFileReference; fileEncoding = 4; lastKnownFileType = sourcecode.c.objc; path = AddCommand.m; sourceTree = "<group>"; };
		75F4858B1E4AC3CC00EBF936 /* DeleteCommand.h */ = {isa = PBXFileReference; fileEncoding = 4; lastKnownFileType = sourcecode.c.h; path = DeleteCommand.h; sourceTree = "<group>"; };
		75F4858C1E4AC3CC00EBF936 /* DeleteCommand.m */ = {isa = PBXFileReference; fileEncoding = 4; lastKnownFileType = sourcecode.c.objc; path = DeleteCommand.m; sourceTree = "<group>"; };
		75F4858E1E4AC3ED00EBF936 /* RandomCommand.h */ = {isa = PBXFileReference; fileEncoding = 4; lastKnownFileType = sourcecode.c.h; path = RandomCommand.h; sourceTree = "<group>"; };
		75F4858F1E4AC3ED00EBF936 /* RandomCommand.m */ = {isa = PBXFileReference; fileEncoding = 4; lastKnownFileType = sourcecode.c.objc; path = RandomCommand.m; sourceTree = "<group>"; };
		75F485911E4AC40C00EBF936 /* RollbackCommand.h */ = {isa = PBXFileReference; fileEncoding = 4; lastKnownFileType = sourcecode.c.h; path = RollbackCommand.h; sourceTree = "<group>"; };
		75F485921E4AC40C00EBF936 /* RollbackCommand.m */ = {isa = PBXFileReference; fileEncoding = 4; lastKnownFileType = sourcecode.c.objc; path = RollbackCommand.m; sourceTree = "<group>"; };
		75F485941E4AC84600EBF936 /* UpdateNumberCommand.h */ = {isa = PBXFileReference; fileEncoding = 4; lastKnownFileType = sourcecode.c.h; path = UpdateNumberCommand.h; sourceTree = "<group>"; };
		75F485951E4AC84600EBF936 /* UpdateNumberCommand.m */ = {isa = PBXFileReference; fileEncoding = 4; lastKnownFileType = sourcecode.c.objc; path = UpdateNumberCommand.m; sourceTree = "<group>"; };
		75F485C41E4BFFB100EBF936 /* StrategyViewController.h */ = {isa = PBXFileReference; fileEncoding = 4; lastKnownFileType = sourcecode.c.h; path = StrategyViewController.h; sourceTree = "<group>"; };
		75F485C51E4BFFB100EBF936 /* StrategyViewController.m */ = {isa = PBXFileReference; fileEncoding = 4; lastKnownFileType = sourcecode.c.objc; path = StrategyViewController.m; sourceTree = "<group>"; };
		75F485C71E4C00A900EBF936 /* MMTextField.h */ = {isa = PBXFileReference; fileEncoding = 4; lastKnownFileType = sourcecode.c.h; path = MMTextField.h; sourceTree = "<group>"; };
		75F485C81E4C00A900EBF936 /* MMTextField.m */ = {isa = PBXFileReference; fileEncoding = 4; lastKnownFileType = sourcecode.c.objc; path = MMTextField.m; sourceTree = "<group>"; };
		75F485CA1E4C00EF00EBF936 /* BaseInputStrategy.h */ = {isa = PBXFileReference; fileEncoding = 4; lastKnownFileType = sourcecode.c.h; path = BaseInputStrategy.h; sourceTree = "<group>"; };
		75F485CB1E4C00EF00EBF936 /* BaseInputStrategy.m */ = {isa = PBXFileReference; fileEncoding = 4; lastKnownFileType = sourcecode.c.objc; path = BaseInputStrategy.m; sourceTree = "<group>"; };
		75F485CD1E4C015900EBF936 /* EmailInputStrategy.h */ = {isa = PBXFileReference; fileEncoding = 4; lastKnownFileType = sourcecode.c.h; path = EmailInputStrategy.h; sourceTree = "<group>"; };
		75F485CE1E4C015900EBF936 /* EmailInputStrategy.m */ = {isa = PBXFileReference; fileEncoding = 4; lastKnownFileType = sourcecode.c.objc; path = EmailInputStrategy.m; sourceTree = "<group>"; };
		75F485D01E4C017700EBF936 /* PhoneNumberInputStrategy.h */ = {isa = PBXFileReference; fileEncoding = 4; lastKnownFileType = sourcecode.c.h; path = PhoneNumberInputStrategy.h; sourceTree = "<group>"; };
		75F485D11E4C017700EBF936 /* PhoneNumberInputStrategy.m */ = {isa = PBXFileReference; fileEncoding = 4; lastKnownFileType = sourcecode.c.objc; path = PhoneNumberInputStrategy.m; sourceTree = "<group>"; };
		75F485D31E4C025400EBF936 /* RegExCategories.h */ = {isa = PBXFileReference; fileEncoding = 4; lastKnownFileType = sourcecode.c.h; path = RegExCategories.h; sourceTree = "<group>"; };
		75F485D41E4C025400EBF936 /* RegExCategories.m */ = {isa = PBXFileReference; fileEncoding = 4; lastKnownFileType = sourcecode.c.objc; path = RegExCategories.m; sourceTree = "<group>"; };
/* End PBXFileReference section */

/* Begin PBXFrameworksBuildPhase section */
		750F6E0D1E49D681004DE4DA /* Frameworks */ = {
			isa = PBXFrameworksBuildPhase;
			buildActionMask = 2147483647;
			files = (
			);
			runOnlyForDeploymentPostprocessing = 0;
		};
		750F6E261E49D681004DE4DA /* Frameworks */ = {
			isa = PBXFrameworksBuildPhase;
			buildActionMask = 2147483647;
			files = (
			);
			runOnlyForDeploymentPostprocessing = 0;
		};
		750F6E311E49D681004DE4DA /* Frameworks */ = {
			isa = PBXFrameworksBuildPhase;
			buildActionMask = 2147483647;
			files = (
			);
			runOnlyForDeploymentPostprocessing = 0;
		};
/* End PBXFrameworksBuildPhase section */

/* Begin PBXGroup section */
		7509994A1E4D65640009657D /* FastCoder */ = {
			isa = PBXGroup;
			children = (
				7509994B1E4D65640009657D /* FastCoder.h */,
				7509994C1E4D65640009657D /* FastCoder.m */,
			);
			path = FastCoder;
			sourceTree = "<group>";
		};
		750F6E071E49D681004DE4DA = {
			isa = PBXGroup;
			children = (
				750F6E121E49D681004DE4DA /* DesignPattern */,
				750F6E2C1E49D681004DE4DA /* DesignPatternTests */,
				750F6E371E49D681004DE4DA /* DesignPatternUITests */,
				750F6E111E49D681004DE4DA /* Products */,
			);
			sourceTree = "<group>";
		};
		750F6E111E49D681004DE4DA /* Products */ = {
			isa = PBXGroup;
			children = (
				750F6E101E49D681004DE4DA /* DesignPattern.app */,
				750F6E291E49D681004DE4DA /* DesignPatternTests.xctest */,
				750F6E341E49D681004DE4DA /* DesignPatternUITests.xctest */,
			);
			name = Products;
			sourceTree = "<group>";
		};
		750F6E121E49D681004DE4DA /* DesignPattern */ = {
			isa = PBXGroup;
			children = (
				751EF01B1E4D55D80027CEFC /* Memento */,
				75F485C31E4BFF8D00EBF936 /* Strategy */,
				75F4857C1E4ABBC400EBF936 /* Command */,
				750F6E461E49D69B004DE4DA /* Prototype */,
				750F6E161E49D681004DE4DA /* AppDelegate.h */,
				750F6E171E49D681004DE4DA /* AppDelegate.m */,
				750F6E191E49D681004DE4DA /* ViewController.h */,
				750F6E1A1E49D681004DE4DA /* ViewController.m */,
				750F6E1C1E49D681004DE4DA /* Main.storyboard */,
				750F6E1F1E49D681004DE4DA /* Assets.xcassets */,
				750F6E211E49D681004DE4DA /* LaunchScreen.storyboard */,
				750F6E241E49D681004DE4DA /* Info.plist */,
				750F6E501E49D739004DE4DA /* data.plist */,
				750F6E131E49D681004DE4DA /* Supporting Files */,
			);
			path = DesignPattern;
			sourceTree = "<group>";
		};
		750F6E131E49D681004DE4DA /* Supporting Files */ = {
			isa = PBXGroup;
			children = (
				750F6E141E49D681004DE4DA /* main.m */,
			);
			name = "Supporting Files";
			sourceTree = "<group>";
		};
		750F6E2C1E49D681004DE4DA /* DesignPatternTests */ = {
			isa = PBXGroup;
			children = (
				750F6E2D1E49D681004DE4DA /* DesignPatternTests.m */,
				750F6E2F1E49D681004DE4DA /* Info.plist */,
			);
			path = DesignPatternTests;
			sourceTree = "<group>";
		};
		750F6E371E49D681004DE4DA /* DesignPatternUITests */ = {
			isa = PBXGroup;
			children = (
				750F6E381E49D681004DE4DA /* DesignPatternUITests.m */,
				750F6E3A1E49D681004DE4DA /* Info.plist */,
			);
			path = DesignPatternUITests;
			sourceTree = "<group>";
		};
		750F6E461E49D69B004DE4DA /* Prototype */ = {
			isa = PBXGroup;
			children = (
				75F485831E4ABE9800EBF936 /* DegisnPatternHeader.h */,
				750F6E471E49D6DC004DE4DA /* BasePrototypeModel.h */,
				750F6E481E49D6DC004DE4DA /* BasePrototypeModel.m */,
				750F6E4A1E49D6ED004DE4DA /* NBATeam.h */,
				750F6E4B1E49D6ED004DE4DA /* NBATeam.m */,
				750F6E4D1E49D6F9004DE4DA /* NBAPlayer.h */,
				750F6E4E1E49D6F9004DE4DA /* NBAPlayer.m */,
				75F485791E4AABE700EBF936 /* PrototypeViewController.h */,
				75F4857A1E4AABE700EBF936 /* PrototypeViewController.m */,
			);
			name = Prototype;
			sourceTree = "<group>";
		};
		751EF01B1E4D55D80027CEFC /* Memento */ = {
			isa = PBXGroup;
			children = (
				7509994A1E4D65640009657D /* FastCoder */,
				751EF01C1E4D56010027CEFC /* MementoViewController.h */,
				751EF01D1E4D56010027CEFC /* MementoViewController.m */,
				750999461E4D587C0009657D /* MementoCenter.h */,
				750999471E4D587C0009657D /* MementoCenter.m */,
				751EF01F1E4D56600027CEFC /* Player.h */,
				751EF0201E4D56600027CEFC /* Player.m */,
				750999491E4D592F0009657D /* MementoDelegate.h */,
				7509994E1E4D65D80009657D /* NSString+Encryption.h */,
				7509994F1E4D65D80009657D /* NSString+Encryption.m */,
			);
			name = Memento;
			sourceTree = "<group>";
		};
		75F4857C1E4ABBC400EBF936 /* Command */ = {
			isa = PBXGroup;
			children = (
				75F4857D1E4ABBDE00EBF936 /* CommandViewController.h */,
				75F4857E1E4ABBDE00EBF936 /* CommandViewController.m */,
				75F485801E4ABC1E00EBF936 /* Invoker.h */,
				75F485811E4ABC1E00EBF936 /* Invoker.m */,
				75F485841E4AC21E00EBF936 /* Receiver.h */,
				75F485851E4AC21E00EBF936 /* Receiver.m */,
				75F485871E4AC2C200EBF936 /* CommandProtocol.h */,
				75F485881E4AC3B600EBF936 /* AddCommand.h */,
				75F485891E4AC3B600EBF936 /* AddCommand.m */,
				75F4858B1E4AC3CC00EBF936 /* DeleteCommand.h */,
				75F4858C1E4AC3CC00EBF936 /* DeleteCommand.m */,
				75F4858E1E4AC3ED00EBF936 /* RandomCommand.h */,
				75F4858F1E4AC3ED00EBF936 /* RandomCommand.m */,
				75F485911E4AC40C00EBF936 /* RollbackCommand.h */,
				75F485921E4AC40C00EBF936 /* RollbackCommand.m */,
				75F485941E4AC84600EBF936 /* UpdateNumberCommand.h */,
				75F485951E4AC84600EBF936 /* UpdateNumberCommand.m */,
			);
			name = Command;
			sourceTree = "<group>";
		};
		75F485C31E4BFF8D00EBF936 /* Strategy */ = {
			isa = PBXGroup;
			children = (
				75F485D31E4C025400EBF936 /* RegExCategories.h */,
				75F485D41E4C025400EBF936 /* RegExCategories.m */,
				75F485C41E4BFFB100EBF936 /* StrategyViewController.h */,
				75F485C51E4BFFB100EBF936 /* StrategyViewController.m */,
				75F485C71E4C00A900EBF936 /* MMTextField.h */,
				75F485C81E4C00A900EBF936 /* MMTextField.m */,
				75F485CA1E4C00EF00EBF936 /* BaseInputStrategy.h */,
				75F485CB1E4C00EF00EBF936 /* BaseInputStrategy.m */,
				75F485CD1E4C015900EBF936 /* EmailInputStrategy.h */,
				75F485CE1E4C015900EBF936 /* EmailInputStrategy.m */,
				75F485D01E4C017700EBF936 /* PhoneNumberInputStrategy.h */,
				75F485D11E4C017700EBF936 /* PhoneNumberInputStrategy.m */,
			);
			name = Strategy;
			sourceTree = "<group>";
		};
/* End PBXGroup section */

/* Begin PBXNativeTarget section */
		750F6E0F1E49D681004DE4DA /* DesignPattern */ = {
			isa = PBXNativeTarget;
			buildConfigurationList = 750F6E3D1E49D681004DE4DA /* Build configuration list for PBXNativeTarget "DesignPattern" */;
			buildPhases = (
				750F6E0C1E49D681004DE4DA /* Sources */,
				750F6E0D1E49D681004DE4DA /* Frameworks */,
				750F6E0E1E49D681004DE4DA /* Resources */,
			);
			buildRules = (
			);
			dependencies = (
			);
			name = DesignPattern;
			productName = DesignPattern;
			productReference = 750F6E101E49D681004DE4DA /* DesignPattern.app */;
			productType = "com.apple.product-type.application";
		};
		750F6E281E49D681004DE4DA /* DesignPatternTests */ = {
			isa = PBXNativeTarget;
			buildConfigurationList = 750F6E401E49D681004DE4DA /* Build configuration list for PBXNativeTarget "DesignPatternTests" */;
			buildPhases = (
				750F6E251E49D681004DE4DA /* Sources */,
				750F6E261E49D681004DE4DA /* Frameworks */,
				750F6E271E49D681004DE4DA /* Resources */,
			);
			buildRules = (
			);
			dependencies = (
				750F6E2B1E49D681004DE4DA /* PBXTargetDependency */,
			);
			name = DesignPatternTests;
			productName = DesignPatternTests;
			productReference = 750F6E291E49D681004DE4DA /* DesignPatternTests.xctest */;
			productType = "com.apple.product-type.bundle.unit-test";
		};
		750F6E331E49D681004DE4DA /* DesignPatternUITests */ = {
			isa = PBXNativeTarget;
			buildConfigurationList = 750F6E431E49D681004DE4DA /* Build configuration list for PBXNativeTarget "DesignPatternUITests" */;
			buildPhases = (
				750F6E301E49D681004DE4DA /* Sources */,
				750F6E311E49D681004DE4DA /* Frameworks */,
				750F6E321E49D681004DE4DA /* Resources */,
			);
			buildRules = (
			);
			dependencies = (
				750F6E361E49D681004DE4DA /* PBXTargetDependency */,
			);
			name = DesignPatternUITests;
			productName = DesignPatternUITests;
			productReference = 750F6E341E49D681004DE4DA /* DesignPatternUITests.xctest */;
			productType = "com.apple.product-type.bundle.ui-testing";
		};
/* End PBXNativeTarget section */

/* Begin PBXProject section */
		750F6E081E49D681004DE4DA /* Project object */ = {
			isa = PBXProject;
			attributes = {
				LastUpgradeCheck = 0810;
				ORGANIZATIONNAME = wyy;
				TargetAttributes = {
					750F6E0F1E49D681004DE4DA = {
						CreatedOnToolsVersion = 8.1;
						DevelopmentTeam = 65Y8F76Y6Z;
						ProvisioningStyle = Automatic;
					};
					750F6E281E49D681004DE4DA = {
						CreatedOnToolsVersion = 8.1;
						DevelopmentTeam = 65Y8F76Y6Z;
						ProvisioningStyle = Automatic;
						TestTargetID = 750F6E0F1E49D681004DE4DA;
					};
					750F6E331E49D681004DE4DA = {
						CreatedOnToolsVersion = 8.1;
						DevelopmentTeam = 65Y8F76Y6Z;
						ProvisioningStyle = Automatic;
						TestTargetID = 750F6E0F1E49D681004DE4DA;
					};
				};
			};
			buildConfigurationList = 750F6E0B1E49D681004DE4DA /* Build configuration list for PBXProject "DesignPattern" */;
			compatibilityVersion = "Xcode 3.2";
			developmentRegion = English;
			hasScannedForEncodings = 0;
			knownRegions = (
				en,
				Base,
			);
			mainGroup = 750F6E071E49D681004DE4DA;
			productRefGroup = 750F6E111E49D681004DE4DA /* Products */;
			projectDirPath = "";
			projectRoot = "";
			targets = (
				750F6E0F1E49D681004DE4DA /* DesignPattern */,
				750F6E281E49D681004DE4DA /* DesignPatternTests */,
				750F6E331E49D681004DE4DA /* DesignPatternUITests */,
			);
		};
/* End PBXProject section */

/* Begin PBXResourcesBuildPhase section */
		750F6E0E1E49D681004DE4DA /* Resources */ = {
			isa = PBXResourcesBuildPhase;
			buildActionMask = 2147483647;
			files = (
				750F6E231E49D681004DE4DA /* LaunchScreen.storyboard in Resources */,
				750F6E201E49D681004DE4DA /* Assets.xcassets in Resources */,
				750F6E511E49D739004DE4DA /* data.plist in Resources */,
				750F6E1E1E49D681004DE4DA /* Main.storyboard in Resources */,
			);
			runOnlyForDeploymentPostprocessing = 0;
		};
		750F6E271E49D681004DE4DA /* Resources */ = {
			isa = PBXResourcesBuildPhase;
			buildActionMask = 2147483647;
			files = (
			);
			runOnlyForDeploymentPostprocessing = 0;
		};
		750F6E321E49D681004DE4DA /* Resources */ = {
			isa = PBXResourcesBuildPhase;
			buildActionMask = 2147483647;
			files = (
			);
			runOnlyForDeploymentPostprocessing = 0;
		};
/* End PBXResourcesBuildPhase section */

/* Begin PBXSourcesBuildPhase section */
		750F6E0C1E49D681004DE4DA /* Sources */ = {
			isa = PBXSourcesBuildPhase;
			buildActionMask = 2147483647;
			files = (
				75F485C91E4C00A900EBF936 /* MMTextField.m in Sources */,
				75F4857F1E4ABBDE00EBF936 /* CommandViewController.m in Sources */,
				75F485931E4AC40C00EBF936 /* RollbackCommand.m in Sources */,
				750F6E1B1E49D681004DE4DA /* ViewController.m in Sources */,
				75F4858A1E4AC3B600EBF936 /* AddCommand.m in Sources */,
				750F6E491E49D6DC004DE4DA /* BasePrototypeModel.m in Sources */,
				75F485C61E4BFFB100EBF936 /* StrategyViewController.m in Sources */,
				75F485D51E4C025400EBF936 /* RegExCategories.m in Sources */,
				750999481E4D587C0009657D /* MementoCenter.m in Sources */,
				75F485D21E4C017700EBF936 /* PhoneNumberInputStrategy.m in Sources */,
				75F485CF1E4C015900EBF936 /* EmailInputStrategy.m in Sources */,
				75F485961E4AC84600EBF936 /* UpdateNumberCommand.m in Sources */,
				751EF0211E4D56600027CEFC /* Player.m in Sources */,
				7509994D1E4D65640009657D /* FastCoder.m in Sources */,
				750F6E181E49D681004DE4DA /* AppDelegate.m in Sources */,
				75F4857B1E4AABE700EBF936 /* PrototypeViewController.m in Sources */,
				750F6E151E49D681004DE4DA /* main.m in Sources */,
				75F485821E4ABC1E00EBF936 /* Invoker.m in Sources */,
				75F485CC1E4C00EF00EBF936 /* BaseInputStrategy.m in Sources */,
				751EF01E1E4D56010027CEFC /* MementoViewController.m in Sources */,
				75F4858D1E4AC3CC00EBF936 /* DeleteCommand.m in Sources */,
				750F6E4F1E49D6F9004DE4DA /* NBAPlayer.m in Sources */,
				75F485861E4AC21E00EBF936 /* Receiver.m in Sources */,
				75F485901E4AC3ED00EBF936 /* RandomCommand.m in Sources */,
				750999501E4D65D80009657D /* NSString+Encryption.m in Sources */,
				750F6E4C1E49D6ED004DE4DA /* NBATeam.m in Sources */,
			);
			runOnlyForDeploymentPostprocessing = 0;
		};
		750F6E251E49D681004DE4DA /* Sources */ = {
			isa = PBXSourcesBuildPhase;
			buildActionMask = 2147483647;
			files = (
				750F6E2E1E49D681004DE4DA /* DesignPatternTests.m in Sources */,
			);
			runOnlyForDeploymentPostprocessing = 0;
		};
		750F6E301E49D681004DE4DA /* Sources */ = {
			isa = PBXSourcesBuildPhase;
			buildActionMask = 2147483647;
			files = (
				750F6E391E49D681004DE4DA /* DesignPatternUITests.m in Sources */,
			);
			runOnlyForDeploymentPostprocessing = 0;
		};
/* End PBXSourcesBuildPhase section */

/* Begin PBXTargetDependency section */
		750F6E2B1E49D681004DE4DA /* PBXTargetDependency */ = {
			isa = PBXTargetDependency;
			target = 750F6E0F1E49D681004DE4DA /* DesignPattern */;
			targetProxy = 750F6E2A1E49D681004DE4DA /* PBXContainerItemProxy */;
		};
		750F6E361E49D681004DE4DA /* PBXTargetDependency */ = {
			isa = PBXTargetDependency;
			target = 750F6E0F1E49D681004DE4DA /* DesignPattern */;
			targetProxy = 750F6E351E49D681004DE4DA /* PBXContainerItemProxy */;
		};
/* End PBXTargetDependency section */

/* Begin PBXVariantGroup section */
		750F6E1C1E49D681004DE4DA /* Main.storyboard */ = {
			isa = PBXVariantGroup;
			children = (
				750F6E1D1E49D681004DE4DA /* Base */,
			);
			name = Main.storyboard;
			sourceTree = "<group>";
		};
		750F6E211E49D681004DE4DA /* LaunchScreen.storyboard */ = {
			isa = PBXVariantGroup;
			children = (
				750F6E221E49D681004DE4DA /* Base */,
			);
			name = LaunchScreen.storyboard;
			sourceTree = "<group>";
		};
/* End PBXVariantGroup section */

/* Begin XCBuildConfiguration section */
		750F6E3B1E49D681004DE4DA /* Debug */ = {
			isa = XCBuildConfiguration;
			buildSettings = {
				ALWAYS_SEARCH_USER_PATHS = NO;
				CLANG_ANALYZER_NONNULL = YES;
				CLANG_CXX_LANGUAGE_STANDARD = "gnu++0x";
				CLANG_CXX_LIBRARY = "libc++";
				CLANG_ENABLE_MODULES = YES;
				CLANG_ENABLE_OBJC_ARC = YES;
				CLANG_WARN_BOOL_CONVERSION = YES;
				CLANG_WARN_CONSTANT_CONVERSION = YES;
				CLANG_WARN_DIRECT_OBJC_ISA_USAGE = YES_ERROR;
				CLANG_WARN_DOCUMENTATION_COMMENTS = YES;
				CLANG_WARN_EMPTY_BODY = YES;
				CLANG_WARN_ENUM_CONVERSION = YES;
				CLANG_WARN_INFINITE_RECURSION = YES;
				CLANG_WARN_INT_CONVERSION = YES;
				CLANG_WARN_OBJC_ROOT_CLASS = YES_ERROR;
				CLANG_WARN_SUSPICIOUS_MOVES = YES;
				CLANG_WARN_UNREACHABLE_CODE = YES;
				CLANG_WARN__DUPLICATE_METHOD_MATCH = YES;
				"CODE_SIGN_IDENTITY[sdk=iphoneos*]" = "iPhone Developer";
				COPY_PHASE_STRIP = NO;
				DEBUG_INFORMATION_FORMAT = dwarf;
				ENABLE_STRICT_OBJC_MSGSEND = YES;
				ENABLE_TESTABILITY = YES;
				GCC_C_LANGUAGE_STANDARD = gnu99;
				GCC_DYNAMIC_NO_PIC = NO;
				GCC_NO_COMMON_BLOCKS = YES;
				GCC_OPTIMIZATION_LEVEL = 0;
				GCC_PREPROCESSOR_DEFINITIONS = (
					"DEBUG=1",
					"$(inherited)",
				);
				GCC_WARN_64_TO_32_BIT_CONVERSION = YES;
				GCC_WARN_ABOUT_RETURN_TYPE = YES_ERROR;
				GCC_WARN_UNDECLARED_SELECTOR = YES;
				GCC_WARN_UNINITIALIZED_AUTOS = YES_AGGRESSIVE;
				GCC_WARN_UNUSED_FUNCTION = YES;
				GCC_WARN_UNUSED_VARIABLE = YES;
				IPHONEOS_DEPLOYMENT_TARGET = 10.1;
				MTL_ENABLE_DEBUG_INFO = YES;
				ONLY_ACTIVE_ARCH = YES;
				SDKROOT = iphoneos;
				TARGETED_DEVICE_FAMILY = "1,2";
			};
			name = Debug;
		};
		750F6E3C1E49D681004DE4DA /* Release */ = {
			isa = XCBuildConfiguration;
			buildSettings = {
				ALWAYS_SEARCH_USER_PATHS = NO;
				CLANG_ANALYZER_NONNULL = YES;
				CLANG_CXX_LANGUAGE_STANDARD = "gnu++0x";
				CLANG_CXX_LIBRARY = "libc++";
				CLANG_ENABLE_MODULES = YES;
				CLANG_ENABLE_OBJC_ARC = YES;
				CLANG_WARN_BOOL_CONVERSION = YES;
				CLANG_WARN_CONSTANT_CONVERSION = YES;
				CLANG_WARN_DIRECT_OBJC_ISA_USAGE = YES_ERROR;
				CLANG_WARN_DOCUMENTATION_COMMENTS = YES;
				CLANG_WARN_EMPTY_BODY = YES;
				CLANG_WARN_ENUM_CONVERSION = YES;
				CLANG_WARN_INFINITE_RECURSION = YES;
				CLANG_WARN_INT_CONVERSION = YES;
				CLANG_WARN_OBJC_ROOT_CLASS = YES_ERROR;
				CLANG_WARN_SUSPICIOUS_MOVES = YES;
				CLANG_WARN_UNREACHABLE_CODE = YES;
				CLANG_WARN__DUPLICATE_METHOD_MATCH = YES;
				"CODE_SIGN_IDENTITY[sdk=iphoneos*]" = "iPhone Developer";
				COPY_PHASE_STRIP = NO;
				DEBUG_INFORMATION_FORMAT = "dwarf-with-dsym";
				ENABLE_NS_ASSERTIONS = NO;
				ENABLE_STRICT_OBJC_MSGSEND = YES;
				GCC_C_LANGUAGE_STANDARD = gnu99;
				GCC_NO_COMMON_BLOCKS = YES;
				GCC_WARN_64_TO_32_BIT_CONVERSION = YES;
				GCC_WARN_ABOUT_RETURN_TYPE = YES_ERROR;
				GCC_WARN_UNDECLARED_SELECTOR = YES;
				GCC_WARN_UNINITIALIZED_AUTOS = YES_AGGRESSIVE;
				GCC_WARN_UNUSED_FUNCTION = YES;
				GCC_WARN_UNUSED_VARIABLE = YES;
				IPHONEOS_DEPLOYMENT_TARGET = 10.1;
				MTL_ENABLE_DEBUG_INFO = NO;
				SDKROOT = iphoneos;
				TARGETED_DEVICE_FAMILY = "1,2";
				VALIDATE_PRODUCT = YES;
			};
			name = Release;
		};
		750F6E3E1E49D681004DE4DA /* Debug */ = {
			isa = XCBuildConfiguration;
			buildSettings = {
				ASSETCATALOG_COMPILER_APPICON_NAME = AppIcon;
				DEVELOPMENT_TEAM = 65Y8F76Y6Z;
				INFOPLIST_FILE = DesignPattern/Info.plist;
				LD_RUNPATH_SEARCH_PATHS = "$(inherited) @executable_path/Frameworks";
				PRODUCT_BUNDLE_IDENTIFIER = xw.DesignPattern;
				PRODUCT_NAME = "$(TARGET_NAME)";
			};
			name = Debug;
		};
		750F6E3F1E49D681004DE4DA /* Release */ = {
			isa = XCBuildConfiguration;
			buildSettings = {
				ASSETCATALOG_COMPILER_APPICON_NAME = AppIcon;
				DEVELOPMENT_TEAM = 65Y8F76Y6Z;
				INFOPLIST_FILE = DesignPattern/Info.plist;
				LD_RUNPATH_SEARCH_PATHS = "$(inherited) @executable_path/Frameworks";
				PRODUCT_BUNDLE_IDENTIFIER = xw.DesignPattern;
				PRODUCT_NAME = "$(TARGET_NAME)";
			};
			name = Release;
		};
		750F6E411E49D681004DE4DA /* Debug */ = {
			isa = XCBuildConfiguration;
			buildSettings = {
				BUNDLE_LOADER = "$(TEST_HOST)";
				DEVELOPMENT_TEAM = 65Y8F76Y6Z;
				INFOPLIST_FILE = DesignPatternTests/Info.plist;
				LD_RUNPATH_SEARCH_PATHS = "$(inherited) @executable_path/Frameworks @loader_path/Frameworks";
				PRODUCT_BUNDLE_IDENTIFIER = xw.DesignPatternTests;
				PRODUCT_NAME = "$(TARGET_NAME)";
				TEST_HOST = "$(BUILT_PRODUCTS_DIR)/DesignPattern.app/DesignPattern";
			};
			name = Debug;
		};
		750F6E421E49D681004DE4DA /* Release */ = {
			isa = XCBuildConfiguration;
			buildSettings = {
				BUNDLE_LOADER = "$(TEST_HOST)";
				DEVELOPMENT_TEAM = 65Y8F76Y6Z;
				INFOPLIST_FILE = DesignPatternTests/Info.plist;
				LD_RUNPATH_SEARCH_PATHS = "$(inherited) @executable_path/Frameworks @loader_path/Frameworks";
				PRODUCT_BUNDLE_IDENTIFIER = xw.DesignPatternTests;
				PRODUCT_NAME = "$(TARGET_NAME)";
				TEST_HOST = "$(BUILT_PRODUCTS_DIR)/DesignPattern.app/DesignPattern";
			};
			name = Release;
		};
		750F6E441E49D681004DE4DA /* Debug */ = {
			isa = XCBuildConfiguration;
			buildSettings = {
				DEVELOPMENT_TEAM = 65Y8F76Y6Z;
				INFOPLIST_FILE = DesignPatternUITests/Info.plist;
				LD_RUNPATH_SEARCH_PATHS = "$(inherited) @executable_path/Frameworks @loader_path/Frameworks";
				PRODUCT_BUNDLE_IDENTIFIER = xw.DesignPatternUITests;
				PRODUCT_NAME = "$(TARGET_NAME)";
				TEST_TARGET_NAME = DesignPattern;
			};
			name = Debug;
		};
		750F6E451E49D681004DE4DA /* Release */ = {
			isa = XCBuildConfiguration;
			buildSettings = {
				DEVELOPMENT_TEAM = 65Y8F76Y6Z;
				INFOPLIST_FILE = DesignPatternUITests/Info.plist;
				LD_RUNPATH_SEARCH_PATHS = "$(inherited) @executable_path/Frameworks @loader_path/Frameworks";
				PRODUCT_BUNDLE_IDENTIFIER = xw.DesignPatternUITests;
				PRODUCT_NAME = "$(TARGET_NAME)";
				TEST_TARGET_NAME = DesignPattern;
			};
			name = Release;
		};
/* End XCBuildConfiguration section */

/* Begin XCConfigurationList section */
		750F6E0B1E49D681004DE4DA /* Build configuration list for PBXProject "DesignPattern" */ = {
			isa = XCConfigurationList;
			buildConfigurations = (
				750F6E3B1E49D681004DE4DA /* Debug */,
				750F6E3C1E49D681004DE4DA /* Release */,
			);
			defaultConfigurationIsVisible = 0;
			defaultConfigurationName = Release;
		};
		750F6E3D1E49D681004DE4DA /* Build configuration list for PBXNativeTarget "DesignPattern" */ = {
			isa = XCConfigurationList;
			buildConfigurations = (
				750F6E3E1E49D681004DE4DA /* Debug */,
				750F6E3F1E49D681004DE4DA /* Release */,
			);
			defaultConfigurationIsVisible = 0;
			defaultConfigurationName = Release;
		};
		750F6E401E49D681004DE4DA /* Build configuration list for PBXNativeTarget "DesignPatternTests" */ = {
			isa = XCConfigurationList;
			buildConfigurations = (
				750F6E411E49D681004DE4DA /* Debug */,
				750F6E421E49D681004DE4DA /* Release */,
			);
			defaultConfigurationIsVisible = 0;
			defaultConfigurationName = Release;
		};
		750F6E431E49D681004DE4DA /* Build configuration list for PBXNativeTarget "DesignPatternUITests" */ = {
			isa = XCConfigurationList;
			buildConfigurations = (
				750F6E441E49D681004DE4DA /* Debug */,
				750F6E451E49D681004DE4DA /* Release */,
			);
			defaultConfigurationIsVisible = 0;
			defaultConfigurationName = Release;
		};
/* End XCConfigurationList section */
	};
	rootObject = 750F6E081E49D681004DE4DA /* Project object */;
}
